
Microsoft Visual Studio Solution File, Format Version 12.00
Project("{FAE04EC0-301F-11D3-BF4B-00C04F79EFBC}") = "LongestSubstringWithoutRepeatingCharacters", "LongestSubstringWithoutRepeatingCharacters\LongestSubstringWithoutRepeatingCharacters.csproj", "{200FD4A0-9207-4FAA-B19F-87142E5638B3}"
EndProject
Project("{FAE04EC0-301F-11D3-BF4B-00C04F79EFBC}") = "LongestSubstringWithoutRepeatingCharacters.Test", "LongestSubstringWithoutRepeatingCharacters.Test\LongestSubstringWithoutRepeatingCharacters.Test.csproj", "{A03E3E3F-A94B-4178-9BE5-179ABF1E7D1F}"
EndProject
Global
	GlobalSection(SolutionConfigurationPlatforms) = preSolution
		Debug|Any CPU = Debug|Any CPU
		Release|Any CPU = Release|Any CPU
	EndGlobalSection
	GlobalSection(ProjectConfigurationPlatforms) = postSolution
		{200FD4A0-9207-4FAA-B19F-87142E5638B3}.Debug|Any CPU.ActiveCfg = Debug|Any CPU
		{200FD4A0-9207-4FAA-B19F-87142E5638B3}.Debug|Any CPU.Build.0 = Debug|Any CPU
		{200FD4A0-9207-4FAA-B19F-87142E5638B3}.Release|Any CPU.ActiveCfg = Release|Any CPU
		{200FD4A0-9207-4FAA-B19F-87142E5638B3}.Release|Any CPU.Build.0 = Release|Any CPU
		{A03E3E3F-A94B-4178-9BE5-179ABF1E7D1F}.Debug|Any CPU.ActiveCfg = Debug|Any CPU
		{A03E3E3F-A94B-4178-9BE5-179ABF1E7D1F}.Debug|Any CPU.Build.0 = Debug|Any CPU
		{A03E3E3F-A94B-4178-9BE5-179ABF1E7D1F}.Release|Any CPU.ActiveCfg = Release|Any CPU
		{A03E3E3F-A94B-4178-9BE5-179ABF1E7D1F}.Release|Any CPU.Build.0 = Release|Any CPU
	EndGlobalSection
EndGlobal
